
Microsoft Visual Studio Solution File, Format Version 12.00
# Visual Studio Version 17
VisualStudioVersion = 17.9.34723.18
MinimumVisualStudioVersion = 10.0.40219.1
Project("{FAE04EC0-301F-11D3-BF4B-00C04F79EFBC}") = "TemperamentTest", "JavaScript_test\TemperamentTest.csproj", "{58C43E29-10F6-4991-BC1F-898BE3D94A02}"
EndProject
Global
	GlobalSection(SolutionConfigurationPlatforms) = preSolution
		Debug|Any CPU = Debug|Any CPU
		Release|Any CPU = Release|Any CPU
	EndGlobalSection
	GlobalSection(ProjectConfigurationPlatforms) = postSolution
		{58C43E29-10F6-4991-BC1F-898BE3D94A02}.Debug|Any CPU.ActiveCfg = Debug|Any CPU
		{58C43E29-10F6-4991-BC1F-898BE3D94A02}.Debug|Any CPU.Build.0 = Debug|Any CPU
		{58C43E29-10F6-4991-BC1F-898BE3D94A02}.Release|Any CPU.ActiveCfg = Release|Any CPU
		{58C43E29-10F6-4991-BC1F-898BE3D94A02}.Release|Any CPU.Build.0 = Release|Any CPU
	EndGlobalSection
	GlobalSection(SolutionProperties) = preSolution
		HideSolutionNode = FALSE
	EndGlobalSection
	GlobalSection(ExtensibilityGlobals) = postSolution
		SolutionGuid = {4DFA6502-E533-48C6-977F-3CFBEBB3EA35}
	EndGlobalSection
EndGlobal
